{
  "version": 4,
  "terraform_version": "1.2.2",
  "serial": 17,
  "lineage": "ce454707-2e82-3144-a025-4bdef686f2ca",
  "outputs": {},
  "resources": [
    {
      "mode": "data",
      "type": "google_compute_image",
      "name": "sles",
      "provider": "provider[\"registry.terraform.io/hashicorp/google\"]",
      "instances": [
        {
          "schema_version": 0,
          "attributes": {
            "archive_size_bytes": 1558792128,
            "creation_timestamp": "2022-05-24T01:01:11.696-07:00",
            "description": "SUSE, SUSE Linux Enterprise Server 15 SP3, x86_64, built on 20220524, supports Shielded VM features",
            "disk_size_gb": 10,
            "family": "sles-15",
            "filter": null,
            "id": "projects/suse-cloud/global/images/sles-15-sp3-v20220524-x86-64",
            "image_encryption_key_sha256": "",
            "image_id": "7753831344548949544",
            "label_fingerprint": "42WmSpB8rSM=",
            "labels": {},
            "licenses": [
              "https://www.googleapis.com/compute/v1/projects/suse-cloud/global/licenses/sles-15"
            ],
            "name": "sles-15-sp3-v20220524-x86-64",
            "project": "suse-cloud",
            "self_link": "https://www.googleapis.com/compute/v1/projects/suse-cloud/global/images/sles-15-sp3-v20220524-x86-64",
            "source_disk": "",
            "source_disk_encryption_key_sha256": "",
            "source_disk_id": "",
            "source_image_id": "",
            "status": "READY"
          },
          "sensitive_attributes": []
        }
      ]
    },
    {
      "mode": "managed",
      "type": "google_compute_instance",
      "name": "quickstart_node",
      "provider": "provider[\"registry.terraform.io/hashicorp/google\"]",
      "instances": []
    },
    {
      "mode": "managed",
      "type": "google_compute_instance",
      "name": "rancher_server",
      "provider": "provider[\"registry.terraform.io/hashicorp/google\"]",
      "instances": []
    },
    {
      "mode": "managed",
      "type": "local_file",
      "name": "ssh_public_key_openssh",
      "provider": "provider[\"registry.terraform.io/hashicorp/local\"]",
      "instances": [
        {
          "schema_version": 0,
          "attributes": {
            "content": "ssh-rsa AAAAB3NzaC1yc2EAAAADAQABAAABAQCm04pdat7qcnfG3HcgkxprlmDPxf10cRypj/cUtPXPce/zNi7IT7voZoORQAbZdOPl1cyog/clzSMXo0Elq1n/7BHs15GTUhqJJxD2t+da5GefNL/ats3p7vUpcQ5MDC0SqXHUbzACzdpiC3MFiQsfXcmTnJk7cGi+2ovhsR89VuwwRautkRnO7Sa7nBimWLUt5PTzzuTUshdhPeLr6Wutpiu2mMEpXPwvBKl0PsVPGWdehYLC65gASD/sa5McJBoAgynGIenMkFBIeokCjIe82o+OJI3zm7P4p3WRsadNqq1Zqy8mddQYcg6cnjeB/cp/88B5uQ3DM96o/qBSeg4d\n",
            "content_base64": null,
            "directory_permission": "0777",
            "file_permission": "0777",
            "filename": "./id_rsa.pub",
            "id": "c3377329a2e6a4c523700bceb461c986c1cd5376",
            "sensitive_content": null,
            "source": null
          },
          "sensitive_attributes": [],
          "private": "bnVsbA==",
          "dependencies": [
            "tls_private_key.global_key"
          ]
        }
      ]
    },
    {
      "mode": "managed",
      "type": "local_sensitive_file",
      "name": "ssh_private_key_pem",
      "provider": "provider[\"registry.terraform.io/hashicorp/local\"]",
      "instances": [
        {
          "schema_version": 0,
          "attributes": {
            "content": "-----BEGIN RSA PRIVATE KEY-----\nMIIEpAIBAAKCAQEAptOKXWre6nJ3xtx3IJMaa5Zgz8X9dHEcqY/3FLT1z3Hv8zYu\nyE+76GaDkUAG2XTj5dXMqIP3Jc0jF6NBJatZ/+wR7NeRk1IaiScQ9rfnWuRnnzS/\n2rbN6e71KXEOTAwtEqlx1G8wAs3aYgtzBYkLH13Jk5yZO3BovtqL4bEfPVbsMEWr\nrZEZzu0mu5wYpli1LeT0887k1LIXYT3i6+lrraYrtpjBKVz8LwSpdD7FTxlnXoWC\nwuuYAEg/7GuTHCQaAIMpxiHpzJBQSHqJAoyHvNqPjiSN85uz+Kd1kbGnTaqtWasv\nJnXUGHIOnJ43gf3Kf/PAebkNwzPeqP6gUnoOHQIDAQABAoIBACEjQAbSZbk4R6aO\nwHMOBV99nXloILJyjXj5CeFpGLK+NSWgi6ZqgC7nvhaqGzIyz9oln+ORYxR1LRVS\n7mvnH5eAcwcSwu36jx7TTcFUQnaBjDvJpJpzWW+wca5rsKVWfdWJJv1FoMnNziVP\nlOdyk20FmjbiEmYGLChNDSAlqMjsGvFJ0XFcrniCGDTU1iANLDh6NSuuo6a++1ez\nASqCWcfTFeDzx58UNHYkMXidTCivvXy7uq1E1OteXUwqVAa3w6CuGxccl2cO01Pb\nkLLZ32qr4GlKVJcPMHvbk5MuBPEt9fDVk6fZA23ByHFb5RoiulvPLoEPMCRntCuf\nWVOznlkCgYEA3QKzL3VKKJVPQoRQlaPFIfofQLsSgEVKO0J1+JwqMCPjbnuNlWIP\nfRU2hS8yHqmiAb/zGiIuIpW0Xb57/aBtSknQDDe8WIXBYUNEr8MuBQgSE59h7Ls4\n8mvxa0xMTZ5Sts7TmemBybA9gfKlFd1/JQlMxbtGKTMJWBfd6LIeczsCgYEAwTzR\nPeXMoPfYerbciuXhFuLwvPSAd311bVBUgOqPXLCkJWpdUgemeGhp0Wyt2Z5ZgKtU\njdCJL2eaR/6rGzl8elvGCauqJi/+CyrU7ZzEXtONn/m4A1JZFv5VsUCG5YT3nxiE\n0pq+GAoajF2+o251Ws3lRbPV8R4Shd9JSY9ZPocCgYEAmR6OwFmViGpxoFcFcbcm\nE/Uzg+hX2BCpbkcMbrLbM8EZh+kH3bAzpOh2fm2FXuMNwAKZzchSiFmJvc0EIGLu\ndSKQhnZzAi2hHd66Dr+9+XRu+bNZ5+aKfMI2X61bzAbdrZO73I2AAxkcdBSFNZHg\nzesUioXGBTM7zRG0B8yn9hMCgYEAgJCJGmiQ+6vKcOLG2vbVClgVGXKHInjrLr6a\namck2OOBYo9g5VnHrSay+K4ZAMe0/sF+8ReEnnCMmkfa6bMWmYYDvZ1kCCI4II/v\nuONrVzfja0NG5ZbdRUoUE2k+Fuifo08517EytmXKggdA9hVgqPiCCRz8Q37hjgYg\nCXwBQXMCgYAv0wCOlmQcoH7aV6gUCvsmryPo1MdWA5IoERAdyGh0BK7WYkDeGTwP\nuVZIC+N/AR5bniq/xomuSDgYYDC/8H5QuAT/WQt1ZZDliTeSWzxq0YmBJu6cA00+\n8PHHaUGY+ZasFglUoA7jz85mO3zEppLLGrXHGlD4tHhaPiYxYZFTbA==\n-----END RSA PRIVATE KEY-----\n",
            "content_base64": null,
            "directory_permission": "0700",
            "file_permission": "0600",
            "filename": "./id_rsa",
            "id": "add5e48d080993eb4ee78d1ab0583b32c19e5bcd",
            "source": null
          },
          "sensitive_attributes": [
            [
              {
                "type": "get_attr",
                "value": "content"
              }
            ]
          ],
          "private": "bnVsbA==",
          "dependencies": [
            "tls_private_key.global_key"
          ]
        }
      ]
    },
    {
      "mode": "managed",
      "type": "tls_private_key",
      "name": "global_key",
      "provider": "provider[\"registry.terraform.io/hashicorp/tls\"]",
      "instances": [
        {
          "schema_version": 0,
          "attributes": {
            "algorithm": "RSA",
            "ecdsa_curve": "P224",
            "id": "6a211ec56237f3866480bf33176f29c1725ce267",
            "private_key_pem": "-----BEGIN RSA PRIVATE KEY-----\nMIIEpAIBAAKCAQEAptOKXWre6nJ3xtx3IJMaa5Zgz8X9dHEcqY/3FLT1z3Hv8zYu\nyE+76GaDkUAG2XTj5dXMqIP3Jc0jF6NBJatZ/+wR7NeRk1IaiScQ9rfnWuRnnzS/\n2rbN6e71KXEOTAwtEqlx1G8wAs3aYgtzBYkLH13Jk5yZO3BovtqL4bEfPVbsMEWr\nrZEZzu0mu5wYpli1LeT0887k1LIXYT3i6+lrraYrtpjBKVz8LwSpdD7FTxlnXoWC\nwuuYAEg/7GuTHCQaAIMpxiHpzJBQSHqJAoyHvNqPjiSN85uz+Kd1kbGnTaqtWasv\nJnXUGHIOnJ43gf3Kf/PAebkNwzPeqP6gUnoOHQIDAQABAoIBACEjQAbSZbk4R6aO\nwHMOBV99nXloILJyjXj5CeFpGLK+NSWgi6ZqgC7nvhaqGzIyz9oln+ORYxR1LRVS\n7mvnH5eAcwcSwu36jx7TTcFUQnaBjDvJpJpzWW+wca5rsKVWfdWJJv1FoMnNziVP\nlOdyk20FmjbiEmYGLChNDSAlqMjsGvFJ0XFcrniCGDTU1iANLDh6NSuuo6a++1ez\nASqCWcfTFeDzx58UNHYkMXidTCivvXy7uq1E1OteXUwqVAa3w6CuGxccl2cO01Pb\nkLLZ32qr4GlKVJcPMHvbk5MuBPEt9fDVk6fZA23ByHFb5RoiulvPLoEPMCRntCuf\nWVOznlkCgYEA3QKzL3VKKJVPQoRQlaPFIfofQLsSgEVKO0J1+JwqMCPjbnuNlWIP\nfRU2hS8yHqmiAb/zGiIuIpW0Xb57/aBtSknQDDe8WIXBYUNEr8MuBQgSE59h7Ls4\n8mvxa0xMTZ5Sts7TmemBybA9gfKlFd1/JQlMxbtGKTMJWBfd6LIeczsCgYEAwTzR\nPeXMoPfYerbciuXhFuLwvPSAd311bVBUgOqPXLCkJWpdUgemeGhp0Wyt2Z5ZgKtU\njdCJL2eaR/6rGzl8elvGCauqJi/+CyrU7ZzEXtONn/m4A1JZFv5VsUCG5YT3nxiE\n0pq+GAoajF2+o251Ws3lRbPV8R4Shd9JSY9ZPocCgYEAmR6OwFmViGpxoFcFcbcm\nE/Uzg+hX2BCpbkcMbrLbM8EZh+kH3bAzpOh2fm2FXuMNwAKZzchSiFmJvc0EIGLu\ndSKQhnZzAi2hHd66Dr+9+XRu+bNZ5+aKfMI2X61bzAbdrZO73I2AAxkcdBSFNZHg\nzesUioXGBTM7zRG0B8yn9hMCgYEAgJCJGmiQ+6vKcOLG2vbVClgVGXKHInjrLr6a\namck2OOBYo9g5VnHrSay+K4ZAMe0/sF+8ReEnnCMmkfa6bMWmYYDvZ1kCCI4II/v\nuONrVzfja0NG5ZbdRUoUE2k+Fuifo08517EytmXKggdA9hVgqPiCCRz8Q37hjgYg\nCXwBQXMCgYAv0wCOlmQcoH7aV6gUCvsmryPo1MdWA5IoERAdyGh0BK7WYkDeGTwP\nuVZIC+N/AR5bniq/xomuSDgYYDC/8H5QuAT/WQt1ZZDliTeSWzxq0YmBJu6cA00+\n8PHHaUGY+ZasFglUoA7jz85mO3zEppLLGrXHGlD4tHhaPiYxYZFTbA==\n-----END RSA PRIVATE KEY-----\n",
            "public_key_fingerprint_md5": "05:ee:7f:d3:8c:5b:fc:b5:36:85:01:29:1f:ed:ba:cd",
            "public_key_openssh": "ssh-rsa AAAAB3NzaC1yc2EAAAADAQABAAABAQCm04pdat7qcnfG3HcgkxprlmDPxf10cRypj/cUtPXPce/zNi7IT7voZoORQAbZdOPl1cyog/clzSMXo0Elq1n/7BHs15GTUhqJJxD2t+da5GefNL/ats3p7vUpcQ5MDC0SqXHUbzACzdpiC3MFiQsfXcmTnJk7cGi+2ovhsR89VuwwRautkRnO7Sa7nBimWLUt5PTzzuTUshdhPeLr6Wutpiu2mMEpXPwvBKl0PsVPGWdehYLC65gASD/sa5McJBoAgynGIenMkFBIeokCjIe82o+OJI3zm7P4p3WRsadNqq1Zqy8mddQYcg6cnjeB/cp/88B5uQ3DM96o/qBSeg4d\n",
            "public_key_pem": "-----BEGIN PUBLIC KEY-----\nMIIBIjANBgkqhkiG9w0BAQEFAAOCAQ8AMIIBCgKCAQEAptOKXWre6nJ3xtx3IJMa\na5Zgz8X9dHEcqY/3FLT1z3Hv8zYuyE+76GaDkUAG2XTj5dXMqIP3Jc0jF6NBJatZ\n/+wR7NeRk1IaiScQ9rfnWuRnnzS/2rbN6e71KXEOTAwtEqlx1G8wAs3aYgtzBYkL\nH13Jk5yZO3BovtqL4bEfPVbsMEWrrZEZzu0mu5wYpli1LeT0887k1LIXYT3i6+lr\nraYrtpjBKVz8LwSpdD7FTxlnXoWCwuuYAEg/7GuTHCQaAIMpxiHpzJBQSHqJAoyH\nvNqPjiSN85uz+Kd1kbGnTaqtWasvJnXUGHIOnJ43gf3Kf/PAebkNwzPeqP6gUnoO\nHQIDAQAB\n-----END PUBLIC KEY-----\n",
            "rsa_bits": 2048
          },
          "sensitive_attributes": [],
          "private": "bnVsbA=="
        }
      ]
    },
    {
      "module": "module.rancher_common",
      "mode": "managed",
      "type": "local_file",
      "name": "kube_config_server_yaml",
      "provider": "provider[\"registry.terraform.io/hashicorp/local\"]",
      "instances": []
    },
    {
      "module": "module.rancher_common",
      "mode": "managed",
      "type": "local_file",
      "name": "kube_config_workload_yaml",
      "provider": "provider[\"registry.terraform.io/hashicorp/local\"]",
      "instances": []
    },
    {
      "module": "module.rancher_common",
      "mode": "managed",
      "type": "ssh_resource",
      "name": "install_k3s",
      "provider": "provider[\"registry.terraform.io/loafoe/ssh\"]",
      "instances": []
    },
    {
      "module": "module.rancher_common",
      "mode": "managed",
      "type": "ssh_resource",
      "name": "retrieve_config",
      "provider": "provider[\"registry.terraform.io/loafoe/ssh\"]",
      "instances": []
    }
  ]
}
